
Microsoft Visual Studio Solution File, Format Version 12.00
# Visual Studio Version 17
VisualStudioVersion = 17.11.35303.130
MinimumVisualStudioVersion = 10.0.40219.1
Project("{FAE04EC0-301F-11D3-BF4B-00C04F79EFBC}") = "Tyuiu.MohnonogovaPV.Sprint1.Task0.V13", "Tyuiu.MohnonogovaPV.Sprint1.Task0.V0\Tyuiu.MohnonogovaPV.Sprint1.Task0.V13.csproj", "{8952DA7C-4BA4-4899-9C31-13243335E643}"
EndProject
Project("{FAE04EC0-301F-11D3-BF4B-00C04F79EFBC}") = "Tyuiu.MohnonogovaPV.Sprint1.Task0.V13.Lib", "Tyuiu.MohnonogovaPV.Sprint1.Task0.V0.Lib\Tyuiu.MohnonogovaPV.Sprint1.Task0.V13.Lib.csproj", "{C44A5D3F-95B0-41DB-B5D1-63212F7AAE00}"
EndProject
Project("{FAE04EC0-301F-11D3-BF4B-00C04F79EFBC}") = "Tyuiu.MohnonogovaPV.Sprint1.Task0.V13.Test", "Tyuiu.MohnonogovaPV.Sprint1.Task0.V0.Test\Tyuiu.MohnonogovaPV.Sprint1.Task0.V13.Test.csproj", "{97F5A933-0E93-47C4-8CA2-A49465669227}"
EndProject
Project("{2150E333-8FDC-42A3-9474-1A3956D46DE8}") = "Task1", "Task1", "{C833382B-7673-41F3-8199-0FDAEC54B417}"
EndProject
Project("{2150E333-8FDC-42A3-9474-1A3956D46DE8}") = "Task0", "Task0", "{7E82A2CA-FB93-4670-B544-EFE0E2E7FA03}"
EndProject
Project("{9A19103F-16F7-4668-BE54-9A1E7A4F7556}") = "Tyuiu.MohnonogovaPV.Sprint1.Task1.V9", "Tyuiu.MohnonogovaPV.Sprint1.Task1.V9\Tyuiu.MohnonogovaPV.Sprint1.Task1.V9.csproj", "{981CE384-FAA8-4C7B-8499-6F61E02DE473}"
EndProject
Project("{9A19103F-16F7-4668-BE54-9A1E7A4F7556}") = "Tyuiu.MohnonogovaPV.Sprint1.Task1.V9.Lib", "Tyuiu.MohnonogovaPV.Sprint1.Task1.V9.Lib\Tyuiu.MohnonogovaPV.Sprint1.Task1.V9.Lib.csproj", "{4F96D131-5F5F-4B69-8734-8949428FC95D}"
EndProject
Project("{9A19103F-16F7-4668-BE54-9A1E7A4F7556}") = "Tyuiu.MohnonogovaPV.Sprint1.Task1.V9.Test", "Tyuiu.MohnonogovaPV.Sprint1.Task1.V9.Test\Tyuiu.MohnonogovaPV.Sprint1.Task1.V9.Test.csproj", "{C250BA34-F54C-4B45-A8D2-9954F6C3BB77}"
EndProject
Project("{9A19103F-16F7-4668-BE54-9A1E7A4F7556}") = "Tyuiu.MohnonogovaPV.Sprint1.Task2.V14", "Tyuiu.MohnonogovaPV.Sprint1.Task2.V14\Tyuiu.MohnonogovaPV.Sprint1.Task2.V14.csproj", "{9733470F-FA16-41F5-8764-EC9D95DC3DF6}"
EndProject
Project("{2150E333-8FDC-42A3-9474-1A3956D46DE8}") = "Task2", "Task2", "{EC782BF8-3906-4A57-80AB-3DC9CC909179}"
EndProject
Project("{9A19103F-16F7-4668-BE54-9A1E7A4F7556}") = "Tyuiu.MohnonogovaPV.Sprint1.Task2.V14.Lib", "Tyuiu.MohnonogovaPV.Sprint1.Task2.V14.Lib\Tyuiu.MohnonogovaPV.Sprint1.Task2.V14.Lib.csproj", "{AA61F6D8-2BA7-4767-9478-9DBC64F51E8C}"
EndProject
Project("{9A19103F-16F7-4668-BE54-9A1E7A4F7556}") = "Tyuiu.MohnonogovaPV.Sprint1.Task2.V14.Test", "Tyuiu.MohnonogovaPV.Sprint1.Task2.V14.Test\Tyuiu.MohnonogovaPV.Sprint1.Task2.V14.Test.csproj", "{AB7EEDE2-603D-4B63-ABF0-3B6E88918C97}"
EndProject
Project("{2150E333-8FDC-42A3-9474-1A3956D46DE8}") = "Task3", "Task3", "{AD957395-A7F8-4D92-B328-C945C7B581E5}"
EndProject
Project("{9A19103F-16F7-4668-BE54-9A1E7A4F7556}") = "Tyuiu.MohnonogovaPV.Sprint1.Task3.V2", "Tyuiu.MohnonogovaPV.Sprint1.Task3.V2\Tyuiu.MohnonogovaPV.Sprint1.Task3.V2.csproj", "{AE23DD49-5762-43A1-B2BE-AB595AD61C90}"
EndProject
Project("{9A19103F-16F7-4668-BE54-9A1E7A4F7556}") = "Tyuiu.MohnonogovaPV.Sprint1.Task3.V2.Lib", "Tyuiu.MohnonogovaPV.Sprint1.Task3.V2.Lib\Tyuiu.MohnonogovaPV.Sprint1.Task3.V2.Lib.csproj", "{3D382704-708E-419A-BF87-47E1E2C2EF6D}"
EndProject
Project("{9A19103F-16F7-4668-BE54-9A1E7A4F7556}") = "Tyuiu.MohnonogovaPV.Sprint1.Task3.V2.Test", "Tyuiu.MohnonogovaPV.Sprint1.Task3.V2.Test\Tyuiu.MohnonogovaPV.Sprint1.Task3.V2.Test.csproj", "{451D9125-0394-4005-9515-C2DBC4DD03AB}"
EndProject
Project("{2150E333-8FDC-42A3-9474-1A3956D46DE8}") = "Task4", "Task4", "{E570D925-6F41-45C6-B238-1A609FAEFCAE}"
EndProject
Project("{FAE04EC0-301F-11D3-BF4B-00C04F79EFBC}") = "Tyuiu.MohnonogovaPV.Sprint1.Task4.V9", "Tyuiu.MohnonogovaPV.Sprint1.Task4.V9\Tyuiu.MohnonogovaPV.Sprint1.Task4.V9.csproj", "{F7437A70-4159-4838-ADE7-3407FEDC6031}"
EndProject
Project("{FAE04EC0-301F-11D3-BF4B-00C04F79EFBC}") = "Tyuiu.MohnonogovaPV.Sprint1.Task4.V9.Lib", "Tyuiu.MohnonogovaPV.Sprint1.Task4.V9.Lib\Tyuiu.MohnonogovaPV.Sprint1.Task4.V9.Lib.csproj", "{F9CE668A-28FF-430B-8DF2-5F7F762196F3}"
EndProject
Project("{FAE04EC0-301F-11D3-BF4B-00C04F79EFBC}") = "Tyuiu.MohnonogovaPV.Sprint1.Task4.V9.Test", "Tyuiu.MohnonogovaPV.Sprint1.Task4.V9.Test\Tyuiu.MohnonogovaPV.Sprint1.Task4.V9.Test.csproj", "{62ADA720-D6C5-4F05-800A-472F2B215C0D}"
EndProject
Project("{2150E333-8FDC-42A3-9474-1A3956D46DE8}") = "Task5", "Task5", "{D6374542-C569-4DF1-8CF2-01DCBE0C7572}"
EndProject
Project("{FAE04EC0-301F-11D3-BF4B-00C04F79EFBC}") = "Tyuiu.MohnonogovaPV.Sprint1.Task5.V4", "Tyuiu.MohnonogovaPV.Sprint1.Task5.V4\Tyuiu.MohnonogovaPV.Sprint1.Task5.V4.csproj", "{318477DC-65B7-471B-A6F2-F55909AF1F24}"
EndProject
Project("{FAE04EC0-301F-11D3-BF4B-00C04F79EFBC}") = "Tyuiu.MohnonogovaPV.Sprint1.Task5.V4.Lib", "Tyuiu.MohnonogovaPV.Sprint1.Task5.V4.Lib\Tyuiu.MohnonogovaPV.Sprint1.Task5.V4.Lib.csproj", "{1742816E-F6E0-43EA-8A96-11104A170ED4}"
EndProject
Project("{FAE04EC0-301F-11D3-BF4B-00C04F79EFBC}") = "Tyuiu.MohnonogovaPV.Sprint1.Task5.V4.Test", "Tyuiu.MohnonogovaPV.Sprint1.Task5.V4.Test\Tyuiu.MohnonogovaPV.Sprint1.Task5.V4.Test.csproj", "{2ED153D3-D37B-425A-860C-C17E925D4424}"
EndProject
Global
	GlobalSection(SolutionConfigurationPlatforms) = preSolution
		Debug|Any CPU = Debug|Any CPU
		Release|Any CPU = Release|Any CPU
	EndGlobalSection
	GlobalSection(ProjectConfigurationPlatforms) = postSolution
		{8952DA7C-4BA4-4899-9C31-13243335E643}.Debug|Any CPU.ActiveCfg = Debug|Any CPU
		{8952DA7C-4BA4-4899-9C31-13243335E643}.Debug|Any CPU.Build.0 = Debug|Any CPU
		{8952DA7C-4BA4-4899-9C31-13243335E643}.Release|Any CPU.ActiveCfg = Release|Any CPU
		{8952DA7C-4BA4-4899-9C31-13243335E643}.Release|Any CPU.Build.0 = Release|Any CPU
		{C44A5D3F-95B0-41DB-B5D1-63212F7AAE00}.Debug|Any CPU.ActiveCfg = Debug|Any CPU
		{C44A5D3F-95B0-41DB-B5D1-63212F7AAE00}.Debug|Any CPU.Build.0 = Debug|Any CPU
		{C44A5D3F-95B0-41DB-B5D1-63212F7AAE00}.Release|Any CPU.ActiveCfg = Release|Any CPU
		{C44A5D3F-95B0-41DB-B5D1-63212F7AAE00}.Release|Any CPU.Build.0 = Release|Any CPU
		{97F5A933-0E93-47C4-8CA2-A49465669227}.Debug|Any CPU.ActiveCfg = Debug|Any CPU
		{97F5A933-0E93-47C4-8CA2-A49465669227}.Debug|Any CPU.Build.0 = Debug|Any CPU
		{97F5A933-0E93-47C4-8CA2-A49465669227}.Release|Any CPU.ActiveCfg = Release|Any CPU
		{97F5A933-0E93-47C4-8CA2-A49465669227}.Release|Any CPU.Build.0 = Release|Any CPU
		{981CE384-FAA8-4C7B-8499-6F61E02DE473}.Debug|Any CPU.ActiveCfg = Debug|Any CPU
		{981CE384-FAA8-4C7B-8499-6F61E02DE473}.Debug|Any CPU.Build.0 = Debug|Any CPU
		{981CE384-FAA8-4C7B-8499-6F61E02DE473}.Release|Any CPU.ActiveCfg = Release|Any CPU
		{981CE384-FAA8-4C7B-8499-6F61E02DE473}.Release|Any CPU.Build.0 = Release|Any CPU
		{4F96D131-5F5F-4B69-8734-8949428FC95D}.Debug|Any CPU.ActiveCfg = Debug|Any CPU
		{4F96D131-5F5F-4B69-8734-8949428FC95D}.Debug|Any CPU.Build.0 = Debug|Any CPU
		{4F96D131-5F5F-4B69-8734-8949428FC95D}.Release|Any CPU.ActiveCfg = Release|Any CPU
		{4F96D131-5F5F-4B69-8734-8949428FC95D}.Release|Any CPU.Build.0 = Release|Any CPU
		{C250BA34-F54C-4B45-A8D2-9954F6C3BB77}.Debug|Any CPU.ActiveCfg = Debug|Any CPU
		{C250BA34-F54C-4B45-A8D2-9954F6C3BB77}.Debug|Any CPU.Build.0 = Debug|Any CPU
		{C250BA34-F54C-4B45-A8D2-9954F6C3BB77}.Release|Any CPU.ActiveCfg = Release|Any CPU
		{C250BA34-F54C-4B45-A8D2-9954F6C3BB77}.Release|Any CPU.Build.0 = Release|Any CPU
		{9733470F-FA16-41F5-8764-EC9D95DC3DF6}.Debug|Any CPU.ActiveCfg = Debug|Any CPU
		{9733470F-FA16-41F5-8764-EC9D95DC3DF6}.Debug|Any CPU.Build.0 = Debug|Any CPU
		{9733470F-FA16-41F5-8764-EC9D95DC3DF6}.Release|Any CPU.ActiveCfg = Release|Any CPU
		{9733470F-FA16-41F5-8764-EC9D95DC3DF6}.Release|Any CPU.Build.0 = Release|Any CPU
		{AA61F6D8-2BA7-4767-9478-9DBC64F51E8C}.Debug|Any CPU.ActiveCfg = Debug|Any CPU
		{AA61F6D8-2BA7-4767-9478-9DBC64F51E8C}.Debug|Any CPU.Build.0 = Debug|Any CPU
		{AA61F6D8-2BA7-4767-9478-9DBC64F51E8C}.Release|Any CPU.ActiveCfg = Release|Any CPU
		{AA61F6D8-2BA7-4767-9478-9DBC64F51E8C}.Release|Any CPU.Build.0 = Release|Any CPU
		{AB7EEDE2-603D-4B63-ABF0-3B6E88918C97}.Debug|Any CPU.ActiveCfg = Debug|Any CPU
		{AB7EEDE2-603D-4B63-ABF0-3B6E88918C97}.Debug|Any CPU.Build.0 = Debug|Any CPU
		{AB7EEDE2-603D-4B63-ABF0-3B6E88918C97}.Release|Any CPU.ActiveCfg = Release|Any CPU
		{AB7EEDE2-603D-4B63-ABF0-3B6E88918C97}.Release|Any CPU.Build.0 = Release|Any CPU
		{AE23DD49-5762-43A1-B2BE-AB595AD61C90}.Debug|Any CPU.ActiveCfg = Debug|Any CPU
		{AE23DD49-5762-43A1-B2BE-AB595AD61C90}.Debug|Any CPU.Build.0 = Debug|Any CPU
		{AE23DD49-5762-43A1-B2BE-AB595AD61C90}.Release|Any CPU.ActiveCfg = Release|Any CPU
		{AE23DD49-5762-43A1-B2BE-AB595AD61C90}.Release|Any CPU.Build.0 = Release|Any CPU
		{3D382704-708E-419A-BF87-47E1E2C2EF6D}.Debug|Any CPU.ActiveCfg = Debug|Any CPU
		{3D382704-708E-419A-BF87-47E1E2C2EF6D}.Debug|Any CPU.Build.0 = Debug|Any CPU
		{3D382704-708E-419A-BF87-47E1E2C2EF6D}.Release|Any CPU.ActiveCfg = Release|Any CPU
		{3D382704-708E-419A-BF87-47E1E2C2EF6D}.Release|Any CPU.Build.0 = Release|Any CPU
		{451D9125-0394-4005-9515-C2DBC4DD03AB}.Debug|Any CPU.ActiveCfg = Debug|Any CPU
		{451D9125-0394-4005-9515-C2DBC4DD03AB}.Debug|Any CPU.Build.0 = Debug|Any CPU
		{451D9125-0394-4005-9515-C2DBC4DD03AB}.Release|Any CPU.ActiveCfg = Release|Any CPU
		{451D9125-0394-4005-9515-C2DBC4DD03AB}.Release|Any CPU.Build.0 = Release|Any CPU
		{F7437A70-4159-4838-ADE7-3407FEDC6031}.Debug|Any CPU.ActiveCfg = Debug|Any CPU
		{F7437A70-4159-4838-ADE7-3407FEDC6031}.Debug|Any CPU.Build.0 = Debug|Any CPU
		{F7437A70-4159-4838-ADE7-3407FEDC6031}.Release|Any CPU.ActiveCfg = Release|Any CPU
		{F7437A70-4159-4838-ADE7-3407FEDC6031}.Release|Any CPU.Build.0 = Release|Any CPU
		{F9CE668A-28FF-430B-8DF2-5F7F762196F3}.Debug|Any CPU.ActiveCfg = Debug|Any CPU
		{F9CE668A-28FF-430B-8DF2-5F7F762196F3}.Debug|Any CPU.Build.0 = Debug|Any CPU
		{F9CE668A-28FF-430B-8DF2-5F7F762196F3}.Release|Any CPU.ActiveCfg = Release|Any CPU
		{F9CE668A-28FF-430B-8DF2-5F7F762196F3}.Release|Any CPU.Build.0 = Release|Any CPU
		{62ADA720-D6C5-4F05-800A-472F2B215C0D}.Debug|Any CPU.ActiveCfg = Debug|Any CPU
		{62ADA720-D6C5-4F05-800A-472F2B215C0D}.Debug|Any CPU.Build.0 = Debug|Any CPU
		{62ADA720-D6C5-4F05-800A-472F2B215C0D}.Release|Any CPU.ActiveCfg = Release|Any CPU
		{62ADA720-D6C5-4F05-800A-472F2B215C0D}.Release|Any CPU.Build.0 = Release|Any CPU
		{318477DC-65B7-471B-A6F2-F55909AF1F24}.Debug|Any CPU.ActiveCfg = Debug|Any CPU
		{318477DC-65B7-471B-A6F2-F55909AF1F24}.Debug|Any CPU.Build.0 = Debug|Any CPU
		{318477DC-65B7-471B-A6F2-F55909AF1F24}.Release|Any CPU.ActiveCfg = Release|Any CPU
		{318477DC-65B7-471B-A6F2-F55909AF1F24}.Release|Any CPU.Build.0 = Release|Any CPU
		{1742816E-F6E0-43EA-8A96-11104A170ED4}.Debug|Any CPU.ActiveCfg = Debug|Any CPU
		{1742816E-F6E0-43EA-8A96-11104A170ED4}.Debug|Any CPU.Build.0 = Debug|Any CPU
		{1742816E-F6E0-43EA-8A96-11104A170ED4}.Release|Any CPU.ActiveCfg = Release|Any CPU
		{1742816E-F6E0-43EA-8A96-11104A170ED4}.Release|Any CPU.Build.0 = Release|Any CPU
		{2ED153D3-D37B-425A-860C-C17E925D4424}.Debug|Any CPU.ActiveCfg = Debug|Any CPU
		{2ED153D3-D37B-425A-860C-C17E925D4424}.Debug|Any CPU.Build.0 = Debug|Any CPU
		{2ED153D3-D37B-425A-860C-C17E925D4424}.Release|Any CPU.ActiveCfg = Release|Any CPU
		{2ED153D3-D37B-425A-860C-C17E925D4424}.Release|Any CPU.Build.0 = Release|Any CPU
	EndGlobalSection
	GlobalSection(SolutionProperties) = preSolution
		HideSolutionNode = FALSE
	EndGlobalSection
	GlobalSection(NestedProjects) = preSolution
		{8952DA7C-4BA4-4899-9C31-13243335E643} = {7E82A2CA-FB93-4670-B544-EFE0E2E7FA03}
		{C44A5D3F-95B0-41DB-B5D1-63212F7AAE00} = {7E82A2CA-FB93-4670-B544-EFE0E2E7FA03}
		{97F5A933-0E93-47C4-8CA2-A49465669227} = {7E82A2CA-FB93-4670-B544-EFE0E2E7FA03}
		{981CE384-FAA8-4C7B-8499-6F61E02DE473} = {C833382B-7673-41F3-8199-0FDAEC54B417}
		{4F96D131-5F5F-4B69-8734-8949428FC95D} = {C833382B-7673-41F3-8199-0FDAEC54B417}
		{C250BA34-F54C-4B45-A8D2-9954F6C3BB77} = {C833382B-7673-41F3-8199-0FDAEC54B417}
		{9733470F-FA16-41F5-8764-EC9D95DC3DF6} = {EC782BF8-3906-4A57-80AB-3DC9CC909179}
		{AA61F6D8-2BA7-4767-9478-9DBC64F51E8C} = {EC782BF8-3906-4A57-80AB-3DC9CC909179}
		{AB7EEDE2-603D-4B63-ABF0-3B6E88918C97} = {EC782BF8-3906-4A57-80AB-3DC9CC909179}
		{AE23DD49-5762-43A1-B2BE-AB595AD61C90} = {AD957395-A7F8-4D92-B328-C945C7B581E5}
		{3D382704-708E-419A-BF87-47E1E2C2EF6D} = {AD957395-A7F8-4D92-B328-C945C7B581E5}
		{451D9125-0394-4005-9515-C2DBC4DD03AB} = {AD957395-A7F8-4D92-B328-C945C7B581E5}
		{F7437A70-4159-4838-ADE7-3407FEDC6031} = {E570D925-6F41-45C6-B238-1A609FAEFCAE}
		{F9CE668A-28FF-430B-8DF2-5F7F762196F3} = {E570D925-6F41-45C6-B238-1A609FAEFCAE}
		{62ADA720-D6C5-4F05-800A-472F2B215C0D} = {E570D925-6F41-45C6-B238-1A609FAEFCAE}
		{318477DC-65B7-471B-A6F2-F55909AF1F24} = {D6374542-C569-4DF1-8CF2-01DCBE0C7572}
		{1742816E-F6E0-43EA-8A96-11104A170ED4} = {D6374542-C569-4DF1-8CF2-01DCBE0C7572}
		{2ED153D3-D37B-425A-860C-C17E925D4424} = {D6374542-C569-4DF1-8CF2-01DCBE0C7572}
	EndGlobalSection
	GlobalSection(ExtensibilityGlobals) = postSolution
		SolutionGuid = {86476CE7-1FD7-4498-B527-D7298608FEE7}
	EndGlobalSection
EndGlobal
